
Microsoft Visual Studio Solution File, Format Version 12.00
# Visual Studio Version 16
VisualStudioVersion = 16.0.30914.41
MinimumVisualStudioVersion = 10.0.40219.1
Project("{FAE04EC0-301F-11D3-BF4B-00C04F79EFBC}") = "AzureDevOpsAnalyzer", "AzureDevOpsAnalyzer.csproj", "{712F7BE3-2CB4-4A1A-9BD0-C99BCBDD4DD4}"
EndProject
Project("{2150E333-8FDC-42A3-9474-1A3956D46DE8}") = "Solution Items", "Solution Items", "{9DA86E0D-9FF7-40A4-B308-7B46F2A73C28}"
	ProjectSection(SolutionItems) = preProject
		.editorconfig = .editorconfig
	EndProjectSection
EndProject
Global
	GlobalSection(SolutionConfigurationPlatforms) = preSolution
		Debug|Any CPU = Debug|Any CPU
		Release|Any CPU = Release|Any CPU
	EndGlobalSection
	GlobalSection(ProjectConfigurationPlatforms) = postSolution
		{712F7BE3-2CB4-4A1A-9BD0-C99BCBDD4DD4}.Debug|Any CPU.ActiveCfg = Debug|Any CPU
		{712F7BE3-2CB4-4A1A-9BD0-C99BCBDD4DD4}.Debug|Any CPU.Build.0 = Debug|Any CPU
		{712F7BE3-2CB4-4A1A-9BD0-C99BCBDD4DD4}.Release|Any CPU.ActiveCfg = Release|Any CPU
		{712F7BE3-2CB4-4A1A-9BD0-C99BCBDD4DD4}.Release|Any CPU.Build.0 = Release|Any CPU
	EndGlobalSection
	GlobalSection(SolutionProperties) = preSolution
		HideSolutionNode = FALSE
	EndGlobalSection
	GlobalSection(ExtensibilityGlobals) = postSolution
		SolutionGuid = {E79971C6-2DC0-44A3-A99C-D1505F5A5D5D}
	EndGlobalSection
EndGlobal
